
Microsoft Visual Studio Solution File, Format Version 12.00
# Visual Studio Version 17
VisualStudioVersion = 17.0.32126.317
MinimumVisualStudioVersion = 10.0.40219.1
Project("{FAE04EC0-301F-11D3-BF4B-00C04F79EFBC}") = "Server-MQTT-Dashboard", "Server-MQTT-Dashboard\Server-MQTT-Dashboard.csproj", "{158589B0-DA39-4A71-87A5-F897B50DE77F}"
EndProject
Global
	GlobalSection(SolutionConfigurationPlatforms) = preSolution
		Debug|Any CPU = Debug|Any CPU
		Release|Any CPU = Release|Any CPU
	EndGlobalSection
	GlobalSection(ProjectConfigurationPlatforms) = postSolution
		{158589B0-DA39-4A71-87A5-F897B50DE77F}.Debug|Any CPU.ActiveCfg = Debug|Any CPU
		{158589B0-DA39-4A71-87A5-F897B50DE77F}.Debug|Any CPU.Build.0 = Debug|Any CPU
		{158589B0-DA39-4A71-87A5-F897B50DE77F}.Release|Any CPU.ActiveCfg = Release|Any CPU
		{158589B0-DA39-4A71-87A5-F897B50DE77F}.Release|Any CPU.Build.0 = Release|Any CPU
	EndGlobalSection
	GlobalSection(SolutionProperties) = preSolution
		HideSolutionNode = FALSE
	EndGlobalSection
	GlobalSection(ExtensibilityGlobals) = postSolution
		SolutionGuid = {62E01E72-CAF9-4191-864C-038949581833}
	EndGlobalSection
EndGlobal
